# THIS IS AN AUTOGENERATED FILE. DO NOT EDIT THIS FILE DIRECTLY.
# yarn lockfile v1


zod-form-data@^2.0.0:
  version "2.0.1"
  resolved "https://registry.yarnpkg.com/zod-form-data/-/zod-form-data-2.0.1.tgz#b069b76ad8a47e2ee475f691db87db8afa9dd3f2"
  integrity sha512-4jcsj3vFyFGINLLHEmehfOPKdcw+HqV65RwsV2IdyLHp9wpvGJRVXWg1yY8sq0ASEbQfTVBRtI7LcDGv3Qpj8g==

zod@^3.20.6:
  version "3.21.4"
  resolved "https://registry.yarnpkg.com/zod/-/zod-3.21.4.tgz#10882231d992519f0a10b5dd58a38c9dabbb64db"
  integrity sha512-m46AKbrzKVzOzs/DZgVnG5H55N1sv1M8qZU3A8RIKbs3mrACDNeIOeilDymVb2HdmP8uwshOCF4uJ8uM9rCqJw==
